// !$*UTF8*$!
{
	archiveVersion = 1;
	classes = {
	};
	objectVersion = 50;
	objects = {

/* Begin PBXBuildFile section */
		E770AFEF2474289C00BA9CA7 /* AppDelegate.swift in Sources */ = {isa = PBXBuildFile; fileRef = E770AFEE2474289C00BA9CA7 /* AppDelegate.swift */; };
		E770AFF12474289C00BA9CA7 /* SceneDelegate.swift in Sources */ = {isa = PBXBuildFile; fileRef = E770AFF02474289C00BA9CA7 /* SceneDelegate.swift */; };
		E770AFF32474289C00BA9CA7 /* ViewController.swift in Sources */ = {isa = PBXBuildFile; fileRef = E770AFF22474289C00BA9CA7 /* ViewController.swift */; };
		E770AFF62474289C00BA9CA7 /* Main.storyboard in Resources */ = {isa = PBXBuildFile; fileRef = E770AFF42474289C00BA9CA7 /* Main.storyboard */; };
		E770AFF82474289C00BA9CA7 /* Assets.xcassets in Resources */ = {isa = PBXBuildFile; fileRef = E770AFF72474289C00BA9CA7 /* Assets.xcassets */; };
		E770AFFB2474289C00BA9CA7 /* LaunchScreen.storyboard in Resources */ = {isa = PBXBuildFile; fileRef = E770AFF92474289C00BA9CA7 /* LaunchScreen.storyboard */; };
/* End PBXBuildFile section */

/* Begin PBXFileReference section */
		E770AFEB2474289C00BA9CA7 /* Lesson1DR2.app */ = {isa = PBXFileReference; explicitFileType = wrapper.application; includeInIndex = 0; path = Lesson1DR2.app; sourceTree = BUILT_PRODUCTS_DIR; };
		E770AFEE2474289C00BA9CA7 /* AppDelegate.swift */ = {isa = PBXFileReference; lastKnownFileType = sourcecode.swift; path = AppDelegate.swift; sourceTree = "<group>"; };
		E770AFF02474289C00BA9CA7 /* SceneDelegate.swift */ = {isa = PBXFileReference; lastKnownFileType = sourcecode.swift; path = SceneDelegate.swift; sourceTree = "<group>"; };
		E770AFF22474289C00BA9CA7 /* ViewController.swift */ = {isa = PBXFileReference; lastKnownFileType = sourcecode.swift; path = ViewController.swift; sourceTree = "<group>"; };
		E770AFF52474289C00BA9CA7 /* Base */ = {isa = PBXFileReference; lastKnownFileType = file.storyboard; name = Base; path = Base.lproj/Main.storyboard; sourceTree = "<group>"; };
		E770AFF72474289C00BA9CA7 /* Assets.xcassets */ = {isa = PBXFileReference; lastKnownFileType = folder.assetcatalog; path = Assets.xcassets; sourceTree = "<group>"; };
		E770AFFA2474289C00BA9CA7 /* Base */ = {isa = PBXFileReference; lastKnownFileType = file.storyboard; name = Base; path = Base.lproj/LaunchScreen.storyboard; sourceTree = "<group>"; };
		E770AFFC2474289C00BA9CA7 /* Info.plist */ = {isa = PBXFileReference; lastKnownFileType = text.plist.xml; path = Info.plist; sourceTree = "<group>"; };
/* End PBXFileReference section */

/* Begin PBXFrameworksBuildPhase section */
		E770AFE82474289C00BA9CA7 /* Frameworks */ = {
			isa = PBXFrameworksBuildPhase;
			buildActionMask = 2147483647;
			files = (
			);
			runOnlyForDeploymentPostprocessing = 0;
		};
/* End PBXFrameworksBuildPhase section */

/* Begin PBXGroup section */
		E770AFE22474289C00BA9CA7 = {
			isa = PBXGroup;
			children = (
				E770AFED2474289C00BA9CA7 /* Lesson1DR2 */,
				E770AFEC2474289C00BA9CA7 /* Products */,
			);
			sourceTree = "<group>";
		};
		E770AFEC2474289C00BA9CA7 /* Products */ = {
			isa = PBXGroup;
			children = (
				E770AFEB2474289C00BA9CA7 /* Lesson1DR2.app */,
			);
			name = Products;
			sourceTree = "<group>";
		};
		E770AFED2474289C00BA9CA7 /* Lesson1DR2 */ = {
			isa = PBXGroup;
			children = (
				E770AFEE2474289C00BA9CA7 /* AppDelegate.swift */,
				E770AFF02474289C00BA9CA7 /* SceneDelegate.swift */,
				E770AFF22474289C00BA9CA7 /* ViewController.swift */,
				E770AFF42474289C00BA9CA7 /* Main.storyboard */,
				E770AFF72474289C00BA9CA7 /* Assets.xcassets */,
				E770AFF92474289C00BA9CA7 /* LaunchScreen.storyboard */,
				E770AFFC2474289C00BA9CA7 /* Info.plist */,
			);
			path = Lesson1DR2;
			sourceTree = "<group>";
		};
/* End PBXGroup section */

/* Begin PBXNativeTarget section */
		E770AFEA2474289C00BA9CA7 /* Lesson1DR2 */ = {
			isa = PBXNativeTarget;
			buildConfigurationList = E770AFFF2474289C00BA9CA7 /* Build configuration list for PBXNativeTarget "Lesson1DR2" */;
			buildPhases = (
				E770AFE72474289C00BA9CA7 /* Sources */,
				E770AFE82474289C00BA9CA7 /* Frameworks */,
				E770AFE92474289C00BA9CA7 /* Resources */,
			);
			buildRules = (
			);
			dependencies = (
			);
			name = Lesson1DR2;
			productName = Lesson1DR2;
			productReference = E770AFEB2474289C00BA9CA7 /* Lesson1DR2.app */;
			productType = "com.apple.product-type.application";
		};
/* End PBXNativeTarget section */

/* Begin PBXProject section */
		E770AFE32474289C00BA9CA7 /* Project object */ = {
			isa = PBXProject;
			attributes = {
				LastSwiftUpdateCheck = 1120;
				LastUpgradeCheck = 1120;
				ORGANIZATIONNAME = Vladimir;
				TargetAttributes = {
					E770AFEA2474289C00BA9CA7 = {
						CreatedOnToolsVersion = 11.2.1;
					};
				};
			};
			buildConfigurationList = E770AFE62474289C00BA9CA7 /* Build configuration list for PBXProject "Lesson1DR2" */;
			compatibilityVersion = "Xcode 9.3";
			developmentRegion = en;
			hasScannedForEncodings = 0;
			knownRegions = (
				en,
				Base,
			);
			mainGroup = E770AFE22474289C00BA9CA7;
			productRefGroup = E770AFEC2474289C00BA9CA7 /* Products */;
			projectDirPath = "";
			projectRoot = "";
			targets = (
				E770AFEA2474289C00BA9CA7 /* Lesson1DR2 */,
			);
		};
/* End PBXProject section */

/* Begin PBXResourcesBuildPhase section */
		E770AFE92474289C00BA9CA7 /* Resources */ = {
			isa = PBXResourcesBuildPhase;
			buildActionMask = 2147483647;
			files = (
				E770AFFB2474289C00BA9CA7 /* LaunchScreen.storyboard in Resources */,
				E770AFF82474289C00BA9CA7 /* Assets.xcassets in Resources */,
				E770AFF62474289C00BA9CA7 /* Main.storyboard in Resources */,
			);
			runOnlyForDeploymentPostprocessing = 0;
		};
/* End PBXResourcesBuildPhase section */

/* Begin PBXSourcesBuildPhase section */
		E770AFE72474289C00BA9CA7 /* Sources */ = {
			isa = PBXSourcesBuildPhase;
			buildActionMask = 2147483647;
			files = (
				E770AFF32474289C00BA9CA7 /* ViewController.swift in Sources */,
				E770AFEF2474289C00BA9CA7 /* AppDelegate.swift in Sources */,
				E770AFF12474289C00BA9CA7 /* SceneDelegate.swift in Sources */,
			);
			runOnlyForDeploymentPostprocessing = 0;
		};
/* End PBXSourcesBuildPhase section */

/* Begin PBXVariantGroup section */
		E770AFF42474289C00BA9CA7 /* Main.storyboard */ = {
			isa = PBXVariantGroup;
			children = (
				E770AFF52474289C00BA9CA7 /* Base */,
			);
			name = Main.storyboard;
			sourceTree = "<group>";
		};
		E770AFF92474289C00BA9CA7 /* LaunchScreen.storyboard */ = {
			isa = PBXVariantGroup;
			children = (
				E770AFFA2474289C00BA9CA7 /* Base */,
			);
			name = LaunchScreen.storyboard;
			sourceTree = "<group>";
		};
/* End PBXVariantGroup section */

/* Begin XCBuildConfiguration section */
		E770AFFD2474289C00BA9CA7 /* Debug */ = {
			isa = XCBuildConfiguration;
			buildSettings = {
				ALWAYS_SEARCH_USER_PATHS = NO;
				CLANG_ANALYZER_NONNULL = YES;
				CLANG_ANALYZER_NUMBER_OBJECT_CONVERSION = YES_AGGRESSIVE;
				CLANG_CXX_LANGUAGE_STANDARD = "gnu++14";
				CLANG_CXX_LIBRARY = "libc++";
				CLANG_ENABLE_MODULES = YES;
				CLANG_ENABLE_OBJC_ARC = YES;
				CLANG_ENABLE_OBJC_WEAK = YES;
				CLANG_WARN_BLOCK_CAPTURE_AUTORELEASING = YES;
				CLANG_WARN_BOOL_CONVERSION = YES;
				CLANG_WARN_COMMA = YES;
				CLANG_WARN_CONSTANT_CONVERSION = YES;
				CLANG_WARN_DEPRECATED_OBJC_IMPLEMENTATIONS = YES;
				CLANG_WARN_DIRECT_OBJC_ISA_USAGE = YES_ERROR;
				CLANG_WARN_DOCUMENTATION_COMMENTS = YES;
				CLANG_WARN_EMPTY_BODY = YES;
				CLANG_WARN_ENUM_CONVERSION = YES;
				CLANG_WARN_INFINITE_RECURSION = YES;
				CLANG_WARN_INT_CONVERSION = YES;
				CLANG_WARN_NON_LITERAL_NULL_CONVERSION = YES;
				CLANG_WARN_OBJC_IMPLICIT_RETAIN_SELF = YES;
				CLANG_WARN_OBJC_LITERAL_CONVERSION = YES;
				CLANG_WARN_OBJC_ROOT_CLASS = YES_ERROR;
				CLANG_WARN_RANGE_LOOP_ANALYSIS = YES;
				CLANG_WARN_STRICT_PROTOTYPES = YES;
				CLANG_WARN_SUSPICIOUS_MOVE = YES;
				CLANG_WARN_UNGUARDED_AVAILABILITY = YES_AGGRESSIVE;
				CLANG_WARN_UNREACHABLE_CODE = YES;
				CLANG_WARN__DUPLICATE_METHOD_MATCH = YES;
				COPY_PHASE_STRIP = NO;
				DEBUG_INFORMATION_FORMAT = dwarf;
				ENABLE_STRICT_OBJC_MSGSEND = YES;
				ENABLE_TESTABILITY = YES;
				GCC_C_LANGUAGE_STANDARD = gnu11;
				GCC_DYNAMIC_NO_PIC = NO;
				GCC_NO_COMMON_BLOCKS = YES;
				GCC_OPTIMIZATION_LEVEL = 0;
				GCC_PREPROCESSOR_DEFINITIONS = (
					"DEBUG=1",
					"$(inherited)",
				);
				GCC_WARN_64_TO_32_BIT_CONVERSION = YES;
				GCC_WARN_ABOUT_RETURN_TYPE = YES_ERROR;
				GCC_WARN_UNDECLARED_SELECTOR = YES;
				GCC_WARN_UNINITIALIZED_AUTOS = YES_AGGRESSIVE;
				GCC_WARN_UNUSED_FUNCTION = YES;
				GCC_WARN_UNUSED_VARIABLE = YES;
				IPHONEOS_DEPLOYMENT_TARGET = 13.2;
				MTL_ENABLE_DEBUG_INFO = INCLUDE_SOURCE;
				MTL_FAST_MATH = YES;
				ONLY_ACTIVE_ARCH = YES;
				SDKROOT = iphoneos;
				SWIFT_ACTIVE_COMPILATION_CONDITIONS = DEBUG;
				SWIFT_OPTIMIZATION_LEVEL = "-Onone";
			};
			name = Debug;
		};
		E770AFFE2474289C00BA9CA7 /* Release */ = {
			isa = XCBuildConfiguration;
			buildSettings = {
				ALWAYS_SEARCH_USER_PATHS = NO;
				CLANG_ANALYZER_NONNULL = YES;
				CLANG_ANALYZER_NUMBER_OBJECT_CONVERSION = YES_AGGRESSIVE;
				CLANG_CXX_LANGUAGE_STANDARD = "gnu++14";
				CLANG_CXX_LIBRARY = "libc++";
				CLANG_ENABLE_MODULES = YES;
				CLANG_ENABLE_OBJC_ARC = YES;
				CLANG_ENABLE_OBJC_WEAK = YES;
				CLANG_WARN_BLOCK_CAPTURE_AUTORELEASING = YES;
				CLANG_WARN_BOOL_CONVERSION = YES;
				CLANG_WARN_COMMA = YES;
				CLANG_WARN_CONSTANT_CONVERSION = YES;
				CLANG_WARN_DEPRECATED_OBJC_IMPLEMENTATIONS = YES;
				CLANG_WARN_DIRECT_OBJC_ISA_USAGE = YES_ERROR;
				CLANG_WARN_DOCUMENTATION_COMMENTS = YES;
				CLANG_WARN_EMPTY_BODY = YES;
				CLANG_WARN_ENUM_CONVERSION = YES;
				CLANG_WARN_INFINITE_RECURSION = YES;
				CLANG_WARN_INT_CONVERSION = YES;
				CLANG_WARN_NON_LITERAL_NULL_CONVERSION = YES;
				CLANG_WARN_OBJC_IMPLICIT_RETAIN_SELF = YES;
				CLANG_WARN_OBJC_LITERAL_CONVERSION = YES;
				CLANG_WARN_OBJC_ROOT_CLASS = YES_ERROR;
				CLANG_WARN_RANGE_LOOP_ANALYSIS = YES;
				CLANG_WARN_STRICT_PROTOTYPES = YES;
				CLANG_WARN_SUSPICIOUS_MOVE = YES;
				CLANG_WARN_UNGUARDED_AVAILABILITY = YES_AGGRESSIVE;
				CLANG_WARN_UNREACHABLE_CODE = YES;
				CLANG_WARN__DUPLICATE_METHOD_MATCH = YES;
				COPY_PHASE_STRIP = NO;
				DEBUG_INFORMATION_FORMAT = "dwarf-with-dsym";
				ENABLE_NS_ASSERTIONS = NO;
				ENABLE_STRICT_OBJC_MSGSEND = YES;
				GCC_C_LANGUAGE_STANDARD = gnu11;
				GCC_NO_COMMON_BLOCKS = YES;
				GCC_WARN_64_TO_32_BIT_CONVERSION = YES;
				GCC_WARN_ABOUT_RETURN_TYPE = YES_ERROR;
				GCC_WARN_UNDECLARED_SELECTOR = YES;
				GCC_WARN_UNINITIALIZED_AUTOS = YES_AGGRESSIVE;
				GCC_WARN_UNUSED_FUNCTION = YES;
				GCC_WARN_UNUSED_VARIABLE = YES;
				IPHONEOS_DEPLOYMENT_TARGET = 13.2;
				MTL_ENABLE_DEBUG_INFO = NO;
				MTL_FAST_MATH = YES;
				SDKROOT = iphoneos;
				SWIFT_COMPILATION_MODE = wholemodule;
				SWIFT_OPTIMIZATION_LEVEL = "-O";
				VALIDATE_PRODUCT = YES;
			};
			name = Release;
		};
		E770B0002474289C00BA9CA7 /* Debug */ = {
			isa = XCBuildConfiguration;
			buildSettings = {
				ASSETCATALOG_COMPILER_APPICON_NAME = AppIcon;
				CODE_SIGN_STYLE = Automatic;
				DEVELOPMENT_TEAM = 883VHW277J;
				INFOPLIST_FILE = Lesson1DR2/Info.plist;
				LD_RUNPATH_SEARCH_PATHS = (
					"$(inherited)",
					"@executable_path/Frameworks",
				);
				PRODUCT_BUNDLE_IDENTIFIER = ru.swiftbookvebinars214va.Lesson1DR2;
				PRODUCT_NAME = "$(TARGET_NAME)";
				SWIFT_VERSION = 5.0;
				TARGETED_DEVICE_FAMILY = 1;
			};
			name = Debug;
		};
		E770B0012474289C00BA9CA7 /* Release */ = {
			isa = XCBuildConfiguration;
			buildSettings = {
				ASSETCATALOG_COMPILER_APPICON_NAME = AppIcon;
				CODE_SIGN_STYLE = Automatic;
				DEVELOPMENT_TEAM = 883VHW277J;
				INFOPLIST_FILE = Lesson1DR2/Info.plist;
				LD_RUNPATH_SEARCH_PATHS = (
					"$(inherited)",
					"@executable_path/Frameworks",
				);
				PRODUCT_BUNDLE_IDENTIFIER = ru.swiftbookvebinars214va.Lesson1DR2;
				PRODUCT_NAME = "$(TARGET_NAME)";
				SWIFT_VERSION = 5.0;
				TARGETED_DEVICE_FAMILY = 1;
			};
			name = Release;
		};
/* End XCBuildConfiguration section */

/* Begin XCConfigurationList section */
		E770AFE62474289C00BA9CA7 /* Build configuration list for PBXProject "Lesson1DR2" */ = {
			isa = XCConfigurationList;
			buildConfigurations = (
				E770AFFD2474289C00BA9CA7 /* Debug */,
				E770AFFE2474289C00BA9CA7 /* Release */,
			);
			defaultConfigurationIsVisible = 0;
			defaultConfigurationName = Release;
		};
		E770AFFF2474289C00BA9CA7 /* Build configuration list for PBXNativeTarget "Lesson1DR2" */ = {
			isa = XCConfigurationList;
			buildConfigurations = (
				E770B0002474289C00BA9CA7 /* Debug */,
				E770B0012474289C00BA9CA7 /* Release */,
			);
			defaultConfigurationIsVisible = 0;
			defaultConfigurationName = Release;
		};
/* End XCConfigurationList section */
	};
	rootObject = E770AFE32474289C00BA9CA7 /* Project object */;
}
